
Microsoft Visual Studio Solution File, Format Version 12.00
# Visual Studio Version 17
VisualStudioVersion = 17.0.31919.166
MinimumVisualStudioVersion = 10.0.40219.1
Project("{9A19103F-16F7-4668-BE54-9A1E7A4F7556}") = "UserIdentityBAL", "UserIdentityBAL\UserIdentityBAL.csproj", "{87821B3A-181F-4794-9F4F-83D854DAEE9A}"
EndProject
Project("{9A19103F-16F7-4668-BE54-9A1E7A4F7556}") = "UserIdentityDAL", "UserIdentityDAL\UserIdentityDAL.csproj", "{1D42349B-44FF-4D33-B0C0-18A42860E487}"
EndProject
Global
	GlobalSection(SolutionConfigurationPlatforms) = preSolution
		Debug|Any CPU = Debug|Any CPU
		Release|Any CPU = Release|Any CPU
	EndGlobalSection
	GlobalSection(ProjectConfigurationPlatforms) = postSolution
		{87821B3A-181F-4794-9F4F-83D854DAEE9A}.Debug|Any CPU.ActiveCfg = Debug|Any CPU
		{87821B3A-181F-4794-9F4F-83D854DAEE9A}.Debug|Any CPU.Build.0 = Debug|Any CPU
		{87821B3A-181F-4794-9F4F-83D854DAEE9A}.Release|Any CPU.ActiveCfg = Release|Any CPU
		{87821B3A-181F-4794-9F4F-83D854DAEE9A}.Release|Any CPU.Build.0 = Release|Any CPU
		{1D42349B-44FF-4D33-B0C0-18A42860E487}.Debug|Any CPU.ActiveCfg = Debug|Any CPU
		{1D42349B-44FF-4D33-B0C0-18A42860E487}.Debug|Any CPU.Build.0 = Debug|Any CPU
		{1D42349B-44FF-4D33-B0C0-18A42860E487}.Release|Any CPU.ActiveCfg = Release|Any CPU
		{1D42349B-44FF-4D33-B0C0-18A42860E487}.Release|Any CPU.Build.0 = Release|Any CPU
	EndGlobalSection
	GlobalSection(SolutionProperties) = preSolution
		HideSolutionNode = FALSE
	EndGlobalSection
	GlobalSection(ExtensibilityGlobals) = postSolution
		SolutionGuid = {EF365DF0-B844-4EB2-A375-DA5D5DCCDF78}
	EndGlobalSection
EndGlobal
